
Microsoft Visual Studio Solution File, Format Version 12.00
# Visual Studio Version 16
VisualStudioVersion = 16.0.31424.327
MinimumVisualStudioVersion = 10.0.40219.1
Project("{FAE04EC0-301F-11D3-BF4B-00C04F79EFBC}") = "Assessment6Mock", "Assessment6Mock\Assessment6Mock.csproj", "{BE4C9302-14C2-412A-900F-FEF03C6F9A36}"
EndProject
Global
	GlobalSection(SolutionConfigurationPlatforms) = preSolution
		Debug|Any CPU = Debug|Any CPU
		Release|Any CPU = Release|Any CPU
	EndGlobalSection
	GlobalSection(ProjectConfigurationPlatforms) = postSolution
		{BE4C9302-14C2-412A-900F-FEF03C6F9A36}.Debug|Any CPU.ActiveCfg = Debug|Any CPU
		{BE4C9302-14C2-412A-900F-FEF03C6F9A36}.Debug|Any CPU.Build.0 = Debug|Any CPU
		{BE4C9302-14C2-412A-900F-FEF03C6F9A36}.Release|Any CPU.ActiveCfg = Release|Any CPU
		{BE4C9302-14C2-412A-900F-FEF03C6F9A36}.Release|Any CPU.Build.0 = Release|Any CPU
	EndGlobalSection
	GlobalSection(SolutionProperties) = preSolution
		HideSolutionNode = FALSE
	EndGlobalSection
	GlobalSection(ExtensibilityGlobals) = postSolution
		SolutionGuid = {56556CAD-0071-48FB-8098-19FE8895FE5C}
	EndGlobalSection
EndGlobal
